{
  "name": "uView",
  "version": "1.0.0",
  "lockfileVersion": 2,
  "requires": true,
  "packages": {
    "": {
      "name": "uView",
      "version": "1.0.0",
      "license": "ISC",
      "dependencies": {
        "crypto-js": "^4.1.1",
        "jweixin-module": "^1.6.0",
        "md5": "^2.3.0",
        "moment": "^2.29.4",
        "pure-svg-code": "^1.0.6",
        "vconsole": "^3.15.0",
        "vue-i18n": "^8.20.0"
      }
    },
    "node_modules/@babel/runtime": {
      "version": "7.21.0",
      "resolved": "https://registry.npmjs.org/@babel/runtime/-/runtime-7.21.0.tgz",
      "integrity": "sha512-xwII0//EObnq89Ji5AKYQaRYiW/nZ3llSv29d49IuxPhKbtJoLP+9QUUZ4nVragQVtaVGeZrpB+ZtG/Pdy/POw==",
      "dependencies": {
        "regenerator-runtime": "^0.13.11"
      },
      "engines": {
        "node": ">=6.9.0"
      }
    },
    "node_modules/charenc": {
      "version": "0.0.2",
      "resolved": "https://registry.npmjs.org/charenc/-/charenc-0.0.2.tgz",
      "integrity": "sha512-yrLQ/yVUFXkzg7EDQsPieE/53+0RlaWTs+wBrvW36cyilJ2SaDWfl4Yj7MtLTXleV9uEKefbAGUPv2/iWSooRA==",
      "engines": {
        "node": "*"
      }
    },
    "node_modules/copy-text-to-clipboard": {
      "version": "3.1.0",
      "resolved": "https://registry.npmjs.org/copy-text-to-clipboard/-/copy-text-to-clipboard-3.1.0.tgz",
      "integrity": "sha512-PFM6BnjLnOON/lB3ta/Jg7Ywsv+l9kQGD4TWDCSlRBGmqnnTM5MrDkhAFgw+8HZt0wW6Q2BBE4cmy9sq+s9Qng==",
      "engines": {
        "node": ">=12"
      },
      "funding": {
        "url": "https://github.com/sponsors/sindresorhus"
      }
    },
    "node_modules/core-js": {
      "version": "3.29.1",
      "resolved": "https://registry.npmjs.org/core-js/-/core-js-3.29.1.tgz",
      "integrity": "sha512-+jwgnhg6cQxKYIIjGtAHq2nwUOolo9eoFZ4sHfUH09BLXBgxnH4gA0zEd+t+BO2cNB8idaBtZFcFTRjQJRJmAw==",
      "hasInstallScript": true,
      "funding": {
        "type": "opencollective",
        "url": "https://opencollective.com/core-js"
      }
    },
    "node_modules/crypt": {
      "version": "0.0.2",
      "resolved": "https://registry.npmjs.org/crypt/-/crypt-0.0.2.tgz",
      "integrity": "sha512-mCxBlsHFYh9C+HVpiEacem8FEBnMXgU9gy4zmNC+SXAZNB/1idgp/aulFJ4FgCi7GPEVbfyng092GqL2k2rmow==",
      "engines": {
        "node": "*"
      }
    },
    "node_modules/crypto-js": {
      "version": "4.1.1",
      "resolved": "https://registry.npmjs.org/crypto-js/-/crypto-js-4.1.1.tgz",
      "integrity": "sha512-o2JlM7ydqd3Qk9CA0L4NL6mTzU2sdx96a+oOfPu8Mkl/PK51vSyoi8/rQ8NknZtk44vq15lmhAj9CIAGwgeWKw=="
    },
    "node_modules/is-buffer": {
      "version": "1.1.6",
      "resolved": "https://registry.npmjs.org/is-buffer/-/is-buffer-1.1.6.tgz",
      "integrity": "sha512-NcdALwpXkTm5Zvvbk7owOUSvVvBKDgKP5/ewfXEznmQFfs4ZRmanOeKBTjRVjka3QFoN6XJ+9F3USqfHqTaU5w=="
    },
    "node_modules/jweixin-module": {
      "version": "1.6.0",
      "resolved": "https://registry.npmjs.org/jweixin-module/-/jweixin-module-1.6.0.tgz",
      "integrity": "sha512-dGk9cf+ipipHmtzYmKZs5B2toX+p4hLyllGLF6xuC8t+B05oYxd8fYoaRz0T30U2n3RUv8a4iwvjhA+OcYz52w=="
    },
    "node_modules/md5": {
      "version": "2.3.0",
      "resolved": "https://registry.npmjs.org/md5/-/md5-2.3.0.tgz",
      "integrity": "sha512-T1GITYmFaKuO91vxyoQMFETst+O71VUPEU3ze5GNzDm0OWdP8v1ziTaAEPUr/3kLsY3Sftgz242A1SetQiDL7g==",
      "dependencies": {
        "charenc": "0.0.2",
        "crypt": "0.0.2",
        "is-buffer": "~1.1.6"
      }
    },
    "node_modules/moment": {
      "version": "2.29.4",
      "resolved": "https://registry.npmjs.org/moment/-/moment-2.29.4.tgz",
      "integrity": "sha512-5LC9SOxjSc2HF6vO2CyuTDNivEdoz2IvyJJGj6X8DJ0eFyfszE0QiEd+iXmBvUP3WHxSjFH/vIsA0EN00cgr8w==",
      "engines": {
        "node": "*"
      }
    },
    "node_modules/mutation-observer": {
      "version": "1.0.3",
      "resolved": "https://registry.npmjs.org/mutation-observer/-/mutation-observer-1.0.3.tgz",
      "integrity": "sha512-M/O/4rF2h776hV7qGMZUH3utZLO/jK7p8rnNgGkjKUw8zCGjRQPxB8z6+5l8+VjRUQ3dNYu4vjqXYLr+U8ZVNA=="
    },
    "node_modules/pure-svg-code": {
      "version": "1.0.6",
      "resolved": "https://registry.npmjs.org/pure-svg-code/-/pure-svg-code-1.0.6.tgz",
      "integrity": "sha512-uxq2BMTdnKW7jDghpLJrczCd9KDOdyghFtEEpfomqMJkUM83/N+W7sFJPJ3AxBf0mJ3xtxAycl6NW8p6F53jEw=="
    },
    "node_modules/regenerator-runtime": {
      "version": "0.13.11",
      "resolved": "https://registry.npmjs.org/regenerator-runtime/-/regenerator-runtime-0.13.11.tgz",
      "integrity": "sha512-kY1AZVr2Ra+t+piVaJ4gxaFaReZVH40AKNo7UCX6W+dEwBo/2oZJzqfuN1qLq1oL45o56cPaTXELwrTh8Fpggg=="
    },
    "node_modules/vconsole": {
      "version": "3.15.0",
      "resolved": "https://registry.npmjs.org/vconsole/-/vconsole-3.15.0.tgz",
      "integrity": "sha512-8hq7wabPcRucSWQyN7/1tthMawP9JPvM95zgtMHpPknMMMCKj+abpoK7P7oKK4B0qw58C24Mdvo9+raUdpHyVQ==",
      "dependencies": {
        "@babel/runtime": "^7.17.2",
        "copy-text-to-clipboard": "^3.0.1",
        "core-js": "^3.11.0",
        "mutation-observer": "^1.0.3"
      }
    },
    "node_modules/vue-i18n": {
      "version": "8.20.0",
      "resolved": "https://registry.npmjs.org/vue-i18n/-/vue-i18n-8.20.0.tgz",
      "integrity": "sha512-ZiAOoeR4d/JtKpbjipx3I80ey7cYG1ki5gQ7HwzWm4YFio9brA15BEYHjalEoBaEfzF5OBEZP+Y2MvAaWnyXXg=="
    }
  },
  "dependencies": {
    "@babel/runtime": {
      "version": "7.21.0",
      "resolved": "https://registry.npmjs.org/@babel/runtime/-/runtime-7.21.0.tgz",
      "integrity": "sha512-xwII0//EObnq89Ji5AKYQaRYiW/nZ3llSv29d49IuxPhKbtJoLP+9QUUZ4nVragQVtaVGeZrpB+ZtG/Pdy/POw==",
      "requires": {
        "regenerator-runtime": "^0.13.11"
      }
    },
    "charenc": {
      "version": "0.0.2",
      "resolved": "https://registry.npmjs.org/charenc/-/charenc-0.0.2.tgz",
      "integrity": "sha512-yrLQ/yVUFXkzg7EDQsPieE/53+0RlaWTs+wBrvW36cyilJ2SaDWfl4Yj7MtLTXleV9uEKefbAGUPv2/iWSooRA=="
    },
    "copy-text-to-clipboard": {
      "version": "3.1.0",
      "resolved": "https://registry.npmjs.org/copy-text-to-clipboard/-/copy-text-to-clipboard-3.1.0.tgz",
      "integrity": "sha512-PFM6BnjLnOON/lB3ta/Jg7Ywsv+l9kQGD4TWDCSlRBGmqnnTM5MrDkhAFgw+8HZt0wW6Q2BBE4cmy9sq+s9Qng=="
    },
    "core-js": {
      "version": "3.29.1",
      "resolved": "https://registry.npmjs.org/core-js/-/core-js-3.29.1.tgz",
      "integrity": "sha512-+jwgnhg6cQxKYIIjGtAHq2nwUOolo9eoFZ4sHfUH09BLXBgxnH4gA0zEd+t+BO2cNB8idaBtZFcFTRjQJRJmAw=="
    },
    "crypt": {
      "version": "0.0.2",
      "resolved": "https://registry.npmjs.org/crypt/-/crypt-0.0.2.tgz",
      "integrity": "sha512-mCxBlsHFYh9C+HVpiEacem8FEBnMXgU9gy4zmNC+SXAZNB/1idgp/aulFJ4FgCi7GPEVbfyng092GqL2k2rmow=="
    },
    "crypto-js": {
      "version": "4.1.1",
      "resolved": "https://registry.npmjs.org/crypto-js/-/crypto-js-4.1.1.tgz",
      "integrity": "sha512-o2JlM7ydqd3Qk9CA0L4NL6mTzU2sdx96a+oOfPu8Mkl/PK51vSyoi8/rQ8NknZtk44vq15lmhAj9CIAGwgeWKw=="
    },
    "is-buffer": {
      "version": "1.1.6",
      "resolved": "https://registry.npmjs.org/is-buffer/-/is-buffer-1.1.6.tgz",
      "integrity": "sha512-NcdALwpXkTm5Zvvbk7owOUSvVvBKDgKP5/ewfXEznmQFfs4ZRmanOeKBTjRVjka3QFoN6XJ+9F3USqfHqTaU5w=="
    },
    "jweixin-module": {
      "version": "1.6.0",
      "resolved": "https://registry.npmjs.org/jweixin-module/-/jweixin-module-1.6.0.tgz",
      "integrity": "sha512-dGk9cf+ipipHmtzYmKZs5B2toX+p4hLyllGLF6xuC8t+B05oYxd8fYoaRz0T30U2n3RUv8a4iwvjhA+OcYz52w=="
    },
    "md5": {
      "version": "2.3.0",
      "resolved": "https://registry.npmjs.org/md5/-/md5-2.3.0.tgz",
      "integrity": "sha512-T1GITYmFaKuO91vxyoQMFETst+O71VUPEU3ze5GNzDm0OWdP8v1ziTaAEPUr/3kLsY3Sftgz242A1SetQiDL7g==",
      "requires": {
        "charenc": "0.0.2",
        "crypt": "0.0.2",
        "is-buffer": "~1.1.6"
      }
    },
    "moment": {
      "version": "2.29.4",
      "resolved": "https://registry.npmjs.org/moment/-/moment-2.29.4.tgz",
      "integrity": "sha512-5LC9SOxjSc2HF6vO2CyuTDNivEdoz2IvyJJGj6X8DJ0eFyfszE0QiEd+iXmBvUP3WHxSjFH/vIsA0EN00cgr8w=="
    },
    "mutation-observer": {
      "version": "1.0.3",
      "resolved": "https://registry.npmjs.org/mutation-observer/-/mutation-observer-1.0.3.tgz",
      "integrity": "sha512-M/O/4rF2h776hV7qGMZUH3utZLO/jK7p8rnNgGkjKUw8zCGjRQPxB8z6+5l8+VjRUQ3dNYu4vjqXYLr+U8ZVNA=="
    },
    "pure-svg-code": {
      "version": "1.0.6",
      "resolved": "https://registry.npmjs.org/pure-svg-code/-/pure-svg-code-1.0.6.tgz",
      "integrity": "sha512-uxq2BMTdnKW7jDghpLJrczCd9KDOdyghFtEEpfomqMJkUM83/N+W7sFJPJ3AxBf0mJ3xtxAycl6NW8p6F53jEw=="
    },
    "regenerator-runtime": {
      "version": "0.13.11",
      "resolved": "https://registry.npmjs.org/regenerator-runtime/-/regenerator-runtime-0.13.11.tgz",
      "integrity": "sha512-kY1AZVr2Ra+t+piVaJ4gxaFaReZVH40AKNo7UCX6W+dEwBo/2oZJzqfuN1qLq1oL45o56cPaTXELwrTh8Fpggg=="
    },
    "vconsole": {
      "version": "3.15.0",
      "resolved": "https://registry.npmjs.org/vconsole/-/vconsole-3.15.0.tgz",
      "integrity": "sha512-8hq7wabPcRucSWQyN7/1tthMawP9JPvM95zgtMHpPknMMMCKj+abpoK7P7oKK4B0qw58C24Mdvo9+raUdpHyVQ==",
      "requires": {
        "@babel/runtime": "^7.17.2",
        "copy-text-to-clipboard": "^3.0.1",
        "core-js": "^3.11.0",
        "mutation-observer": "^1.0.3"
      }
    },
    "vue-i18n": {
      "version": "8.20.0",
      "resolved": "https://registry.npmjs.org/vue-i18n/-/vue-i18n-8.20.0.tgz",
      "integrity": "sha512-ZiAOoeR4d/JtKpbjipx3I80ey7cYG1ki5gQ7HwzWm4YFio9brA15BEYHjalEoBaEfzF5OBEZP+Y2MvAaWnyXXg=="
    }
  }
}
